<?xml version="1.0" encoding="utf-8"?>
<Project ToolsVersion="4.0" xmlns="http://schemas.microsoft.com/developer/msbuild/2003">
  <ItemGroup>
    <Filter Include="Resource Files">
      <UniqueIdentifier>{67DA6AB6-F800-4c08-8B7A-83BB121AAD01}</UniqueIdentifier>
      <Extensions>rc;ico;cur;bmp;dlg;rc2;rct;bin;rgs;gif;jpg;jpeg;jpe;resx;tiff;tif;png;wav;mfcribbon-ms</Extensions>
    </Filter>
    <Filter Include="Driver Files">
      <UniqueIdentifier>{8E41214B-6785-4CFE-B992-037D68949A14}</UniqueIdentifier>
      <Extensions>inf;inv;inx;mof;mc;</Extensions>
    </Filter>
    <Filter Include="klogger">
      <UniqueIdentifier>{4c0a6cde-daee-43de-8302-8e95496465fe}</UniqueIdentifier>
    </Filter>
  </ItemGroup>
  <ItemGroup>
    <Inf Include="klogger.inf">
      <Filter>Driver Files</Filter>
    </Inf>
  </ItemGroup>
  <ItemGroup>
    <ClCompile Include="ring_buffer.c">
      <Filter>klogger</Filter>
    </ClCompile>
    <ClCompile Include="utils.c">
      <Filter>klogger</Filter>
    </ClCompile>
    <ClCompile Include="klogger.c">
      <Filter>klogger</Filter>
    </ClCompile>
    <ClCompile Include="test_driver.c" />
  </ItemGroup>
  <ItemGroup>
    <ClInclude Include="utils.h">
      <Filter>klogger</Filter>
    </ClInclude>
    <ClInclude Include="ring_buffer.h">
      <Filter>klogger</Filter>
    </ClInclude>
    <ClInclude Include="klogger.h">
      <Filter>klogger</Filter>
    </ClInclude>
  </ItemGroup>
</Project>